{
  "nodes": {
    "nixpkgs": {
      "locked": {
        "lastModified": 1783375776,
        "narHash": "sha256-pg6hLjDeAWaUOzh2JM2Cw0BwYpGtOyNr6A4FBwP9Ymo=",
        "owner": "nixos",
        "repo": "nixpkgs",
        "rev": "cd648d6ea62bc0ffba91e61fcfe5e33c1e2004b1",
        "type": "github"
      },
      "original": {
        "owner": "nixos",
        "ref": "release-25.11",
        "repo": "nixpkgs",
        "type": "github"
      }
    },
    "roboenv": {
      "inputs": {
        "nixpkgs": [
          "nixpkgs"
        ],
        "rust-overlay": "rust-overlay"
      },
      "locked": {
        "lastModified": 1790310377,
        "narHash": "sha256-JpZMlbyi7zVzwrRie8lDJ/pjf1ib1rr8UI6dz6KGxfk=",
        "owner": "nnctroboticsclub",
        "repo": "roboenv-nix",
        "rev": "57d2acf0f93472ba049989b0a3a91e10e3051769",
        "type": "github"
      },
      "original": {
        "owner": "nnctroboticsclub",
        "repo": "roboenv-nix",
        "type": "github"
      }
    },
    "root": {
      "inputs": {
        "nixpkgs": "nixpkgs",
        "roboenv": "roboenv"
      }
    },
    "rust-overlay": {
      "inputs": {
        "nixpkgs": [
          "roboenv",
          "nixpkgs"
        ]
      },
      "locked": {
        "lastModified": 1790234952,
        "narHash": "sha256-tjQa1vDoHJir4lasZTakz/xgmsfB6SRjeQqaIbefFOk=",
        "owner": "oxalica",
        "repo": "rust-overlay",
        "rev": "ed34466c59b766481248959a21a6e46cf0c60468",
        "type": "github"
      },
      "original": {
        "owner": "oxalica",
        "repo": "rust-overlay",
        "type": "github"
      }
    }
  },
  "root": "root",
  "version": 7
}
