{
  "nodes": {
    "nixpkgs": {
      "locked": {
        "lastModified": 1770169531,
        "narHash": "sha256-/vOmLlgE9jnAiF6A1Gmw8Bwp8PlbI6rNKqJAA4X0P40=",
        "owner": "nixos",
        "repo": "nixpkgs",
        "rev": "809d16bdf5ab8e32905292678373f497db75ffd0",
        "type": "github"
      },
      "original": {
        "owner": "nixos",
        "ref": "release-25.11",
        "repo": "nixpkgs",
        "type": "github"
      }
    },
    "nixpkgs_2": {
      "locked": {
        "lastModified": 1748026580,
        "narHash": "sha256-rWtXrcIzU5wm/C8F9LWvUfBGu5U5E7cFzPYT1pHIJaQ=",
        "owner": "nixos",
        "repo": "nixpkgs",
        "rev": "11cb3517b3af6af300dd6c055aeda73c9bf52c48",
        "type": "github"
      },
      "original": {
        "owner": "nixos",
        "ref": "25.05",
        "repo": "nixpkgs",
        "type": "github"
      }
    },
    "roboenv": {
      "inputs": {
        "nixpkgs": "nixpkgs_2",
        "rust-overlay": "rust-overlay"
      },
      "locked": {
        "lastModified": 1767242466,
        "narHash": "sha256-xVRJ+Ju9dpOm3a7FfT9P8wh4KE4PevQTG0QwlmVjaik=",
        "ref": "refs/heads/main",
        "rev": "409a719e400e7d6916c78c20a7f5820f3382b2c5",
        "revCount": 49,
        "type": "git",
        "url": "ssh://git@github.com/nnctroboticsclub/roboenv-nix.git"
      },
      "original": {
        "type": "git",
        "url": "ssh://git@github.com/nnctroboticsclub/roboenv-nix.git"
      }
    },
    "root": {
      "inputs": {
        "nixpkgs": "nixpkgs",
        "roboenv": "roboenv"
      }
    },
    "rust-overlay": {
      "inputs": {
        "nixpkgs": [
          "roboenv",
          "nixpkgs"
        ]
      },
      "locked": {
        "lastModified": 1766285238,
        "narHash": "sha256-DqVXFZ4ToiFHgnxebMWVL70W+U+JOxpmfD37eWD/Qc8=",
        "owner": "oxalica",
        "repo": "rust-overlay",
        "rev": "c4249d0c370d573d95e33b472014eae4f2507c2f",
        "type": "github"
      },
      "original": {
        "owner": "oxalica",
        "repo": "rust-overlay",
        "type": "github"
      }
    }
  },
  "root": "root",
  "version": 7
}
